
Microsoft Visual Studio Solution File, Format Version 12.00
# Visual Studio 14
VisualStudioVersion = 14.0.25420.1
MinimumVisualStudioVersion = 10.0.40219.1
Project("{FAE04EC0-301F-11D3-BF4B-00C04F79EFBC}") = "Chat.Dal", "Chat.Dal\Chat.Dal.csproj", "{97E70F96-3267-419C-932F-6282F99CAA70}"
EndProject
Project("{FAE04EC0-301F-11D3-BF4B-00C04F79EFBC}") = "Chat", "Chat\Chat.csproj", "{55D6E509-0CA7-4513-B4F0-244649A78A9A}"
EndProject
Global
	GlobalSection(SolutionConfigurationPlatforms) = preSolution
		Debug|Any CPU = Debug|Any CPU
		Release|Any CPU = Release|Any CPU
	EndGlobalSection
	GlobalSection(ProjectConfigurationPlatforms) = postSolution
		{97E70F96-3267-419C-932F-6282F99CAA70}.Debug|Any CPU.ActiveCfg = Debug|Any CPU
		{97E70F96-3267-419C-932F-6282F99CAA70}.Debug|Any CPU.Build.0 = Debug|Any CPU
		{97E70F96-3267-419C-932F-6282F99CAA70}.Release|Any CPU.ActiveCfg = Release|Any CPU
		{97E70F96-3267-419C-932F-6282F99CAA70}.Release|Any CPU.Build.0 = Release|Any CPU
		{55D6E509-0CA7-4513-B4F0-244649A78A9A}.Debug|Any CPU.ActiveCfg = Debug|Any CPU
		{55D6E509-0CA7-4513-B4F0-244649A78A9A}.Debug|Any CPU.Build.0 = Debug|Any CPU
		{55D6E509-0CA7-4513-B4F0-244649A78A9A}.Release|Any CPU.ActiveCfg = Release|Any CPU
		{55D6E509-0CA7-4513-B4F0-244649A78A9A}.Release|Any CPU.Build.0 = Release|Any CPU
	EndGlobalSection
	GlobalSection(SolutionProperties) = preSolution
		HideSolutionNode = FALSE
	EndGlobalSection
EndGlobal
